// !$*UTF8*$!
{
	archiveVersion = 1;
	classes = {
	};
	objectVersion = 50;
	objects = {

/* Begin PBXBuildFile section */
		C9491DF4231D897B0031F463 /* AppDelegate.swift in Sources */ = {isa = PBXBuildFile; fileRef = C9491DF3231D897B0031F463 /* AppDelegate.swift */; };
		C9491DF6231D897B0031F463 /* SceneDelegate.swift in Sources */ = {isa = PBXBuildFile; fileRef = C9491DF5231D897B0031F463 /* SceneDelegate.swift */; };
		C9491DFB231D897B0031F463 /* Main.storyboard in Resources */ = {isa = PBXBuildFile; fileRef = C9491DF9231D897B0031F463 /* Main.storyboard */; };
		C9491DFE231D897B0031F463 /* Threads.xcdatamodeld in Sources */ = {isa = PBXBuildFile; fileRef = C9491DFC231D897B0031F463 /* Threads.xcdatamodeld */; };
		C9491E00231D897C0031F463 /* Assets.xcassets in Resources */ = {isa = PBXBuildFile; fileRef = C9491DFF231D897C0031F463 /* Assets.xcassets */; };
		C9491E03231D897C0031F463 /* LaunchScreen.storyboard in Resources */ = {isa = PBXBuildFile; fileRef = C9491E01231D897C0031F463 /* LaunchScreen.storyboard */; };
		C9491E0D231D8A230031F463 /* CloudKit.framework in Frameworks */ = {isa = PBXBuildFile; fileRef = C9491E0C231D8A220031F463 /* CloudKit.framework */; };
		C9491E0F231D8E5B0031F463 /* MyThreadsViewController.swift in Sources */ = {isa = PBXBuildFile; fileRef = C9491E0E231D8E5B0031F463 /* MyThreadsViewController.swift */; };
		C9491E11231DA9A20031F463 /* DMCThread.swift in Sources */ = {isa = PBXBuildFile; fileRef = C9491E10231DA9A20031F463 /* DMCThread.swift */; };
		C9491E13231DAA5D0031F463 /* AllThreads.json in Resources */ = {isa = PBXBuildFile; fileRef = C9491E12231DAA5D0031F463 /* AllThreads.json */; };
		C9491E15231DACFB0031F463 /* AddThreadViewController.swift in Sources */ = {isa = PBXBuildFile; fileRef = C9491E14231DACFA0031F463 /* AddThreadViewController.swift */; };
		C9491E17231DC8670031F463 /* TableViewDiffableDataSource.swift in Sources */ = {isa = PBXBuildFile; fileRef = C9491E16231DC8670031F463 /* TableViewDiffableDataSource.swift */; };
		C9491E19231DD7D00031F463 /* Color.swift in Sources */ = {isa = PBXBuildFile; fileRef = C9491E18231DD7D00031F463 /* Color.swift */; };
		C9491E29231DDBC60031F463 /* ColorTests.swift in Sources */ = {isa = PBXBuildFile; fileRef = C9491E28231DDBC60031F463 /* ColorTests.swift */; };
		C9491E2C231DE0070031F463 /* CollectionThreadTableViewCell.swift in Sources */ = {isa = PBXBuildFile; fileRef = C9491E2A231DE0070031F463 /* CollectionThreadTableViewCell.swift */; };
		C9491E2D231DE0070031F463 /* CollectionThreadTableViewCell.xib in Resources */ = {isa = PBXBuildFile; fileRef = C9491E2B231DE0070031F463 /* CollectionThreadTableViewCell.xib */; };
		C9491E2F231E0BE00031F463 /* Thread.swift in Sources */ = {isa = PBXBuildFile; fileRef = C9491E2E231E0BE00031F463 /* Thread.swift */; };
		C9491E31231F4C8B0031F463 /* ThreadDetailViewController.swift in Sources */ = {isa = PBXBuildFile; fileRef = C9491E30231F4C8B0031F463 /* ThreadDetailViewController.swift */; };
		C9491E33231F7B2C0031F463 /* ShoppingListViewController.swift in Sources */ = {isa = PBXBuildFile; fileRef = C9491E32231F7B2C0031F463 /* ShoppingListViewController.swift */; };
		C9491E372320C67A0031F463 /* SwatchView.swift in Sources */ = {isa = PBXBuildFile; fileRef = C9491E362320C67A0031F463 /* SwatchView.swift */; };
		C9491E3A23235D890031F463 /* ShoppingListThreadTableViewCell.swift in Sources */ = {isa = PBXBuildFile; fileRef = C9491E3823235D880031F463 /* ShoppingListThreadTableViewCell.swift */; };
		C9491E3C23235E210031F463 /* ShoppingListThreadTableViewCell.xib in Resources */ = {isa = PBXBuildFile; fileRef = C9491E3923235D890031F463 /* ShoppingListThreadTableViewCell.xib */; };
		C9491E3E23235FBF0031F463 /* ThreadTableViewCell.swift in Sources */ = {isa = PBXBuildFile; fileRef = C9491E3D23235FBF0031F463 /* ThreadTableViewCell.swift */; };
		C9491E4023246AC80031F463 /* Partition.swift in Sources */ = {isa = PBXBuildFile; fileRef = C9491E3F23246AC80031F463 /* Partition.swift */; };
		C9491E4223248B940031F463 /* ProjectListViewController.swift in Sources */ = {isa = PBXBuildFile; fileRef = C9491E4123248B940031F463 /* ProjectListViewController.swift */; };
		C9491E44232491D90031F463 /* Project.swift in Sources */ = {isa = PBXBuildFile; fileRef = C9491E43232491D90031F463 /* Project.swift */; };
		C94EB3012325E6A900D4CF56 /* ProjectCollectionViewCell.swift in Sources */ = {isa = PBXBuildFile; fileRef = C94EB2FF2325E6A900D4CF56 /* ProjectCollectionViewCell.swift */; };
		C94EB3022325E6A900D4CF56 /* ProjectCollectionViewCell.xib in Resources */ = {isa = PBXBuildFile; fileRef = C94EB3002325E6A900D4CF56 /* ProjectCollectionViewCell.xib */; };
		C94EB3042326D60600D4CF56 /* ProjectDetailViewController.swift in Sources */ = {isa = PBXBuildFile; fileRef = C94EB3032326D60600D4CF56 /* ProjectDetailViewController.swift */; };
		C97FCDA323296433000B1590 /* EditProjectThreadCollectionViewCell.swift in Sources */ = {isa = PBXBuildFile; fileRef = C97FCDA123296433000B1590 /* EditProjectThreadCollectionViewCell.swift */; };
		C97FCDA423296433000B1590 /* EditProjectThreadCollectionViewCell.xib in Resources */ = {isa = PBXBuildFile; fileRef = C97FCDA223296433000B1590 /* EditProjectThreadCollectionViewCell.xib */; };
		C97FCDA62329A921000B1590 /* SeparatorView.swift in Sources */ = {isa = PBXBuildFile; fileRef = C97FCDA52329A921000B1590 /* SeparatorView.swift */; };
		C97FCDA8232B4F4A000B1590 /* ProjectThread.swift in Sources */ = {isa = PBXBuildFile; fileRef = C97FCDA7232B4F4A000B1590 /* ProjectThread.swift */; };
		C97FCDAB232C77E3000B1590 /* ViewProjectThreadCollectionViewCell.swift in Sources */ = {isa = PBXBuildFile; fileRef = C97FCDAA232C77E3000B1590 /* ViewProjectThreadCollectionViewCell.swift */; };
		C97FCDAC232C7848000B1590 /* ViewProjectThreadCollectionViewCell.xib in Resources */ = {isa = PBXBuildFile; fileRef = C97FCDA9232C7675000B1590 /* ViewProjectThreadCollectionViewCell.xib */; };
		C97FCDAE232C8796000B1590 /* Project+UIActivityItemSource.swift in Sources */ = {isa = PBXBuildFile; fileRef = C97FCDAD232C8796000B1590 /* Project+UIActivityItemSource.swift */; };
		C97FCDB0232C8ED7000B1590 /* UserActivity.swift in Sources */ = {isa = PBXBuildFile; fileRef = C97FCDAF232C8ED7000B1590 /* UserActivity.swift */; };
		C97FCDB3232CAD4E000B1590 /* TextInputCollectionViewCell.swift in Sources */ = {isa = PBXBuildFile; fileRef = C97FCDB1232CAD4E000B1590 /* TextInputCollectionViewCell.swift */; };
		C97FCDB4232CAD4E000B1590 /* TextInputCollectionViewCell.xib in Resources */ = {isa = PBXBuildFile; fileRef = C97FCDB2232CAD4E000B1590 /* TextInputCollectionViewCell.xib */; };
		C97FCDB9232D78AA000B1590 /* Localizable.stringsdict in Resources */ = {isa = PBXBuildFile; fileRef = C97FCDBB232D78AA000B1590 /* Localizable.stringsdict */; };
		C97FCDBD232D79E7000B1590 /* Localized.swift in Sources */ = {isa = PBXBuildFile; fileRef = C97FCDBC232D79E7000B1590 /* Localized.swift */; };
		C97FCDBF232D9FD0000B1590 /* TextViewCollectionViewCell.swift in Sources */ = {isa = PBXBuildFile; fileRef = C97FCDBE232D9FD0000B1590 /* TextViewCollectionViewCell.swift */; };
		C97FCDC1232D9FF5000B1590 /* TextViewCollectionViewCell.xib in Resources */ = {isa = PBXBuildFile; fileRef = C97FCDC0232D9FE1000B1590 /* TextViewCollectionViewCell.xib */; };
		C97FCDC3232DA92E000B1590 /* NSAttributedString.swift in Sources */ = {isa = PBXBuildFile; fileRef = C97FCDC2232DA92E000B1590 /* NSAttributedString.swift */; };
		C97FCDCE232DCE0F000B1590 /* MyThreads.storyboard in Resources */ = {isa = PBXBuildFile; fileRef = C97FCDD0232DCE0F000B1590 /* MyThreads.storyboard */; };
		C97FCDD3232DCE43000B1590 /* ShoppingList.storyboard in Resources */ = {isa = PBXBuildFile; fileRef = C97FCDD5232DCE43000B1590 /* ShoppingList.storyboard */; };
		C97FCDD8232DCE6B000B1590 /* Projects.storyboard in Resources */ = {isa = PBXBuildFile; fileRef = C97FCDDA232DCE6B000B1590 /* Projects.storyboard */; };
		C97FCDDD232DCE86000B1590 /* AddThread.storyboard in Resources */ = {isa = PBXBuildFile; fileRef = C97FCDDF232DCE86000B1590 /* AddThread.storyboard */; };
		C97FCDE3232DD3D2000B1590 /* ThreadPreviewViewController.swift in Sources */ = {isa = PBXBuildFile; fileRef = C97FCDE2232DD3D2000B1590 /* ThreadPreviewViewController.swift */; };
		C97FCDEA232DFD6D000B1590 /* ProjectThreadCollectionViewCell.swift in Sources */ = {isa = PBXBuildFile; fileRef = C97FCDE9232DFD6D000B1590 /* ProjectThreadCollectionViewCell.swift */; };
		C97FCDEC232E014D000B1590 /* NSManagedObjectContext.swift in Sources */ = {isa = PBXBuildFile; fileRef = C97FCDEB232E014D000B1590 /* NSManagedObjectContext.swift */; };
		C97FCDEE232E941D000B1590 /* Cells.swift in Sources */ = {isa = PBXBuildFile; fileRef = C97FCDED232E941D000B1590 /* Cells.swift */; };
/* End PBXBuildFile section */

/* Begin PBXContainerItemProxy section */
		C9491E23231DDBB70031F463 /* PBXContainerItemProxy */ = {
			isa = PBXContainerItemProxy;
			containerPortal = C9491DE8231D897A0031F463 /* Project object */;
			proxyType = 1;
			remoteGlobalIDString = C9491DEF231D897A0031F463;
			remoteInfo = Threads;
		};
/* End PBXContainerItemProxy section */

/* Begin PBXFileReference section */
		C9491DF0231D897B0031F463 /* Threads.app */ = {isa = PBXFileReference; explicitFileType = wrapper.application; includeInIndex = 0; path = Threads.app; sourceTree = BUILT_PRODUCTS_DIR; };
		C9491DF3231D897B0031F463 /* AppDelegate.swift */ = {isa = PBXFileReference; lastKnownFileType = sourcecode.swift; path = AppDelegate.swift; sourceTree = "<group>"; };
		C9491DF5231D897B0031F463 /* SceneDelegate.swift */ = {isa = PBXFileReference; lastKnownFileType = sourcecode.swift; path = SceneDelegate.swift; sourceTree = "<group>"; };
		C9491DFA231D897B0031F463 /* Base */ = {isa = PBXFileReference; lastKnownFileType = file.storyboard; name = Base; path = Base.lproj/Main.storyboard; sourceTree = "<group>"; };
		C9491DFD231D897B0031F463 /* Threads.xcdatamodel */ = {isa = PBXFileReference; lastKnownFileType = wrapper.xcdatamodel; path = Threads.xcdatamodel; sourceTree = "<group>"; };
		C9491DFF231D897C0031F463 /* Assets.xcassets */ = {isa = PBXFileReference; lastKnownFileType = folder.assetcatalog; path = Assets.xcassets; sourceTree = "<group>"; };
		C9491E02231D897C0031F463 /* Base */ = {isa = PBXFileReference; lastKnownFileType = file.storyboard; name = Base; path = Base.lproj/LaunchScreen.storyboard; sourceTree = "<group>"; };
		C9491E04231D897C0031F463 /* Info.plist */ = {isa = PBXFileReference; lastKnownFileType = text.plist.xml; path = Info.plist; sourceTree = "<group>"; };
		C9491E0A231D8A1E0031F463 /* Threads.entitlements */ = {isa = PBXFileReference; lastKnownFileType = text.plist.entitlements; path = Threads.entitlements; sourceTree = "<group>"; };
		C9491E0C231D8A220031F463 /* CloudKit.framework */ = {isa = PBXFileReference; lastKnownFileType = wrapper.framework; name = CloudKit.framework; path = System/Library/Frameworks/CloudKit.framework; sourceTree = SDKROOT; };
		C9491E0E231D8E5B0031F463 /* MyThreadsViewController.swift */ = {isa = PBXFileReference; lastKnownFileType = sourcecode.swift; path = MyThreadsViewController.swift; sourceTree = "<group>"; };
		C9491E10231DA9A20031F463 /* DMCThread.swift */ = {isa = PBXFileReference; lastKnownFileType = sourcecode.swift; path = DMCThread.swift; sourceTree = "<group>"; };
		C9491E12231DAA5D0031F463 /* AllThreads.json */ = {isa = PBXFileReference; lastKnownFileType = text.json; path = AllThreads.json; sourceTree = "<group>"; };
		C9491E14231DACFA0031F463 /* AddThreadViewController.swift */ = {isa = PBXFileReference; lastKnownFileType = sourcecode.swift; path = AddThreadViewController.swift; sourceTree = "<group>"; };
		C9491E16231DC8670031F463 /* TableViewDiffableDataSource.swift */ = {isa = PBXFileReference; lastKnownFileType = sourcecode.swift; path = TableViewDiffableDataSource.swift; sourceTree = "<group>"; };
		C9491E18231DD7D00031F463 /* Color.swift */ = {isa = PBXFileReference; lastKnownFileType = sourcecode.swift; path = Color.swift; sourceTree = "<group>"; };
		C9491E1E231DDBB70031F463 /* ThreadsTests.xctest */ = {isa = PBXFileReference; explicitFileType = wrapper.cfbundle; includeInIndex = 0; path = ThreadsTests.xctest; sourceTree = BUILT_PRODUCTS_DIR; };
		C9491E22231DDBB70031F463 /* Info.plist */ = {isa = PBXFileReference; lastKnownFileType = text.plist.xml; path = Info.plist; sourceTree = "<group>"; };
		C9491E28231DDBC60031F463 /* ColorTests.swift */ = {isa = PBXFileReference; lastKnownFileType = sourcecode.swift; path = ColorTests.swift; sourceTree = "<group>"; };
		C9491E2A231DE0070031F463 /* CollectionThreadTableViewCell.swift */ = {isa = PBXFileReference; lastKnownFileType = sourcecode.swift; path = CollectionThreadTableViewCell.swift; sourceTree = "<group>"; };
		C9491E2B231DE0070031F463 /* CollectionThreadTableViewCell.xib */ = {isa = PBXFileReference; lastKnownFileType = file.xib; path = CollectionThreadTableViewCell.xib; sourceTree = "<group>"; };
		C9491E2E231E0BE00031F463 /* Thread.swift */ = {isa = PBXFileReference; lastKnownFileType = sourcecode.swift; path = Thread.swift; sourceTree = "<group>"; };
		C9491E30231F4C8B0031F463 /* ThreadDetailViewController.swift */ = {isa = PBXFileReference; lastKnownFileType = sourcecode.swift; path = ThreadDetailViewController.swift; sourceTree = "<group>"; };
		C9491E32231F7B2C0031F463 /* ShoppingListViewController.swift */ = {isa = PBXFileReference; lastKnownFileType = sourcecode.swift; path = ShoppingListViewController.swift; sourceTree = "<group>"; };
		C9491E362320C67A0031F463 /* SwatchView.swift */ = {isa = PBXFileReference; lastKnownFileType = sourcecode.swift; path = SwatchView.swift; sourceTree = "<group>"; };
		C9491E3823235D880031F463 /* ShoppingListThreadTableViewCell.swift */ = {isa = PBXFileReference; lastKnownFileType = sourcecode.swift; path = ShoppingListThreadTableViewCell.swift; sourceTree = "<group>"; };
		C9491E3923235D890031F463 /* ShoppingListThreadTableViewCell.xib */ = {isa = PBXFileReference; lastKnownFileType = file.xib; path = ShoppingListThreadTableViewCell.xib; sourceTree = "<group>"; };
		C9491E3D23235FBF0031F463 /* ThreadTableViewCell.swift */ = {isa = PBXFileReference; lastKnownFileType = sourcecode.swift; path = ThreadTableViewCell.swift; sourceTree = "<group>"; };
		C9491E3F23246AC80031F463 /* Partition.swift */ = {isa = PBXFileReference; lastKnownFileType = sourcecode.swift; path = Partition.swift; sourceTree = "<group>"; };
		C9491E4123248B940031F463 /* ProjectListViewController.swift */ = {isa = PBXFileReference; lastKnownFileType = sourcecode.swift; path = ProjectListViewController.swift; sourceTree = "<group>"; };
		C9491E43232491D90031F463 /* Project.swift */ = {isa = PBXFileReference; lastKnownFileType = sourcecode.swift; path = Project.swift; sourceTree = "<group>"; };
		C94EB2FF2325E6A900D4CF56 /* ProjectCollectionViewCell.swift */ = {isa = PBXFileReference; lastKnownFileType = sourcecode.swift; path = ProjectCollectionViewCell.swift; sourceTree = "<group>"; };
		C94EB3002325E6A900D4CF56 /* ProjectCollectionViewCell.xib */ = {isa = PBXFileReference; lastKnownFileType = file.xib; path = ProjectCollectionViewCell.xib; sourceTree = "<group>"; };
		C94EB3032326D60600D4CF56 /* ProjectDetailViewController.swift */ = {isa = PBXFileReference; lastKnownFileType = sourcecode.swift; path = ProjectDetailViewController.swift; sourceTree = "<group>"; };
		C97FCDA123296433000B1590 /* EditProjectThreadCollectionViewCell.swift */ = {isa = PBXFileReference; lastKnownFileType = sourcecode.swift; path = EditProjectThreadCollectionViewCell.swift; sourceTree = "<group>"; };
		C97FCDA223296433000B1590 /* EditProjectThreadCollectionViewCell.xib */ = {isa = PBXFileReference; lastKnownFileType = file.xib; path = EditProjectThreadCollectionViewCell.xib; sourceTree = "<group>"; };
		C97FCDA52329A921000B1590 /* SeparatorView.swift */ = {isa = PBXFileReference; lastKnownFileType = sourcecode.swift; path = SeparatorView.swift; sourceTree = "<group>"; };
		C97FCDA7232B4F4A000B1590 /* ProjectThread.swift */ = {isa = PBXFileReference; lastKnownFileType = sourcecode.swift; path = ProjectThread.swift; sourceTree = "<group>"; };
		C97FCDA9232C7675000B1590 /* ViewProjectThreadCollectionViewCell.xib */ = {isa = PBXFileReference; lastKnownFileType = file.xib; path = ViewProjectThreadCollectionViewCell.xib; sourceTree = "<group>"; };
		C97FCDAA232C77E3000B1590 /* ViewProjectThreadCollectionViewCell.swift */ = {isa = PBXFileReference; lastKnownFileType = sourcecode.swift; path = ViewProjectThreadCollectionViewCell.swift; sourceTree = "<group>"; };
		C97FCDAD232C8796000B1590 /* Project+UIActivityItemSource.swift */ = {isa = PBXFileReference; lastKnownFileType = sourcecode.swift; path = "Project+UIActivityItemSource.swift"; sourceTree = "<group>"; };
		C97FCDAF232C8ED7000B1590 /* UserActivity.swift */ = {isa = PBXFileReference; lastKnownFileType = sourcecode.swift; path = UserActivity.swift; sourceTree = "<group>"; };
		C97FCDB1232CAD4E000B1590 /* TextInputCollectionViewCell.swift */ = {isa = PBXFileReference; lastKnownFileType = sourcecode.swift; path = TextInputCollectionViewCell.swift; sourceTree = "<group>"; };
		C97FCDB2232CAD4E000B1590 /* TextInputCollectionViewCell.xib */ = {isa = PBXFileReference; lastKnownFileType = file.xib; path = TextInputCollectionViewCell.xib; sourceTree = "<group>"; };
		C97FCDBA232D78AA000B1590 /* en */ = {isa = PBXFileReference; lastKnownFileType = text.plist.stringsdict; name = en; path = en.lproj/Localizable.stringsdict; sourceTree = "<group>"; };
		C97FCDBC232D79E7000B1590 /* Localized.swift */ = {isa = PBXFileReference; lastKnownFileType = sourcecode.swift; path = Localized.swift; sourceTree = "<group>"; };
		C97FCDBE232D9FD0000B1590 /* TextViewCollectionViewCell.swift */ = {isa = PBXFileReference; lastKnownFileType = sourcecode.swift; path = TextViewCollectionViewCell.swift; sourceTree = "<group>"; };
		C97FCDC0232D9FE1000B1590 /* TextViewCollectionViewCell.xib */ = {isa = PBXFileReference; lastKnownFileType = file.xib; path = TextViewCollectionViewCell.xib; sourceTree = "<group>"; };
		C97FCDC2232DA92E000B1590 /* NSAttributedString.swift */ = {isa = PBXFileReference; lastKnownFileType = sourcecode.swift; path = NSAttributedString.swift; sourceTree = "<group>"; };
		C97FCDCD232DCDF2000B1590 /* en */ = {isa = PBXFileReference; lastKnownFileType = text.plist.strings; name = en; path = en.lproj/Main.strings; sourceTree = "<group>"; };
		C97FCDCF232DCE0F000B1590 /* Base */ = {isa = PBXFileReference; lastKnownFileType = file.storyboard; name = Base; path = Base.lproj/MyThreads.storyboard; sourceTree = "<group>"; };
		C97FCDD2232DCE18000B1590 /* en */ = {isa = PBXFileReference; lastKnownFileType = text.plist.strings; name = en; path = en.lproj/MyThreads.strings; sourceTree = "<group>"; };
		C97FCDD4232DCE43000B1590 /* Base */ = {isa = PBXFileReference; lastKnownFileType = file.storyboard; name = Base; path = Base.lproj/ShoppingList.storyboard; sourceTree = "<group>"; };
		C97FCDD7232DCE47000B1590 /* en */ = {isa = PBXFileReference; lastKnownFileType = text.plist.strings; name = en; path = en.lproj/ShoppingList.strings; sourceTree = "<group>"; };
		C97FCDD9232DCE6B000B1590 /* Base */ = {isa = PBXFileReference; lastKnownFileType = file.storyboard; name = Base; path = Base.lproj/Projects.storyboard; sourceTree = "<group>"; };
		C97FCDDC232DCE6E000B1590 /* en */ = {isa = PBXFileReference; lastKnownFileType = text.plist.strings; name = en; path = en.lproj/Projects.strings; sourceTree = "<group>"; };
		C97FCDDE232DCE86000B1590 /* Base */ = {isa = PBXFileReference; lastKnownFileType = file.storyboard; name = Base; path = Base.lproj/AddThread.storyboard; sourceTree = "<group>"; };
		C97FCDE1232DCE8A000B1590 /* en */ = {isa = PBXFileReference; lastKnownFileType = text.plist.strings; name = en; path = en.lproj/AddThread.strings; sourceTree = "<group>"; };
		C97FCDE2232DD3D2000B1590 /* ThreadPreviewViewController.swift */ = {isa = PBXFileReference; lastKnownFileType = sourcecode.swift; path = ThreadPreviewViewController.swift; sourceTree = "<group>"; };
		C97FCDE9232DFD6D000B1590 /* ProjectThreadCollectionViewCell.swift */ = {isa = PBXFileReference; lastKnownFileType = sourcecode.swift; path = ProjectThreadCollectionViewCell.swift; sourceTree = "<group>"; };
		C97FCDEB232E014D000B1590 /* NSManagedObjectContext.swift */ = {isa = PBXFileReference; lastKnownFileType = sourcecode.swift; path = NSManagedObjectContext.swift; sourceTree = "<group>"; };
		C97FCDED232E941D000B1590 /* Cells.swift */ = {isa = PBXFileReference; lastKnownFileType = sourcecode.swift; path = Cells.swift; sourceTree = "<group>"; };
/* End PBXFileReference section */

/* Begin PBXFrameworksBuildPhase section */
		C9491DED231D897A0031F463 /* Frameworks */ = {
			isa = PBXFrameworksBuildPhase;
			buildActionMask = 2147483647;
			files = (
				C9491E0D231D8A230031F463 /* CloudKit.framework in Frameworks */,
			);
			runOnlyForDeploymentPostprocessing = 0;
		};
		C9491E1B231DDBB70031F463 /* Frameworks */ = {
			isa = PBXFrameworksBuildPhase;
			buildActionMask = 2147483647;
			files = (
			);
			runOnlyForDeploymentPostprocessing = 0;
		};
/* End PBXFrameworksBuildPhase section */

/* Begin PBXGroup section */
		C9491DE7231D897A0031F463 = {
			isa = PBXGroup;
			children = (
				C9491DF2231D897B0031F463 /* Threads */,
				C9491E1F231DDBB70031F463 /* ThreadsTests */,
				C9491DF1231D897B0031F463 /* Products */,
				C9491E0B231D8A220031F463 /* Frameworks */,
			);
			sourceTree = "<group>";
		};
		C9491DF1231D897B0031F463 /* Products */ = {
			isa = PBXGroup;
			children = (
				C9491DF0231D897B0031F463 /* Threads.app */,
				C9491E1E231DDBB70031F463 /* ThreadsTests.xctest */,
			);
			name = Products;
			sourceTree = "<group>";
		};
		C9491DF2231D897B0031F463 /* Threads */ = {
			isa = PBXGroup;
			children = (
				C97FCDE4232DFBE9000B1590 /* Common */,
				C97FCDE5232DFC03000B1590 /* My Threads */,
				C97FCDE6232DFC5F000B1590 /* Shopping List */,
				C97FCDE7232DFC7E000B1590 /* Projects */,
				C97FCDE8232DFCB2000B1590 /* Add Thread */,
				C9491E12231DAA5D0031F463 /* AllThreads.json */,
				C9491DFF231D897C0031F463 /* Assets.xcassets */,
				C9491DF9231D897B0031F463 /* Main.storyboard */,
				C9491E01231D897C0031F463 /* LaunchScreen.storyboard */,
				C9491E04231D897C0031F463 /* Info.plist */,
				C9491E0A231D8A1E0031F463 /* Threads.entitlements */,
				C9491DFC231D897B0031F463 /* Threads.xcdatamodeld */,
			);
			path = Threads;
			sourceTree = "<group>";
		};
		C9491E0B231D8A220031F463 /* Frameworks */ = {
			isa = PBXGroup;
			children = (
				C9491E0C231D8A220031F463 /* CloudKit.framework */,
			);
			name = Frameworks;
			sourceTree = "<group>";
		};
		C9491E1F231DDBB70031F463 /* ThreadsTests */ = {
			isa = PBXGroup;
			children = (
				C9491E22231DDBB70031F463 /* Info.plist */,
				C9491E28231DDBC60031F463 /* ColorTests.swift */,
			);
			path = ThreadsTests;
			sourceTree = "<group>";
		};
		C97FCDE4232DFBE9000B1590 /* Common */ = {
			isa = PBXGroup;
			children = (
				C9491DF3231D897B0031F463 /* AppDelegate.swift */,
				C9491DF5231D897B0031F463 /* SceneDelegate.swift */,
				C97FCDAF232C8ED7000B1590 /* UserActivity.swift */,
				C97FCDBC232D79E7000B1590 /* Localized.swift */,
				C97FCDBB232D78AA000B1590 /* Localizable.stringsdict */,
				C9491E16231DC8670031F463 /* TableViewDiffableDataSource.swift */,
				C9491E3D23235FBF0031F463 /* ThreadTableViewCell.swift */,
				C9491E362320C67A0031F463 /* SwatchView.swift */,
				C97FCDA52329A921000B1590 /* SeparatorView.swift */,
				C97FCDB1232CAD4E000B1590 /* TextInputCollectionViewCell.swift */,
				C97FCDB2232CAD4E000B1590 /* TextInputCollectionViewCell.xib */,
				C97FCDBE232D9FD0000B1590 /* TextViewCollectionViewCell.swift */,
				C97FCDC0232D9FE1000B1590 /* TextViewCollectionViewCell.xib */,
				C9491E18231DD7D00031F463 /* Color.swift */,
				C9491E10231DA9A20031F463 /* DMCThread.swift */,
				C9491E2E231E0BE00031F463 /* Thread.swift */,
				C9491E43232491D90031F463 /* Project.swift */,
				C97FCDA7232B4F4A000B1590 /* ProjectThread.swift */,
				C9491E3F23246AC80031F463 /* Partition.swift */,
				C97FCDC2232DA92E000B1590 /* NSAttributedString.swift */,
				C97FCDEB232E014D000B1590 /* NSManagedObjectContext.swift */,
				C97FCDED232E941D000B1590 /* Cells.swift */,
			);
			path = Common;
			sourceTree = "<group>";
		};
		C97FCDE5232DFC03000B1590 /* My Threads */ = {
			isa = PBXGroup;
			children = (
				C97FCDD0232DCE0F000B1590 /* MyThreads.storyboard */,
				C9491E0E231D8E5B0031F463 /* MyThreadsViewController.swift */,
				C9491E30231F4C8B0031F463 /* ThreadDetailViewController.swift */,
				C97FCDE2232DD3D2000B1590 /* ThreadPreviewViewController.swift */,
				C9491E2A231DE0070031F463 /* CollectionThreadTableViewCell.swift */,
				C9491E2B231DE0070031F463 /* CollectionThreadTableViewCell.xib */,
			);
			path = "My Threads";
			sourceTree = "<group>";
		};
		C97FCDE6232DFC5F000B1590 /* Shopping List */ = {
			isa = PBXGroup;
			children = (
				C97FCDD5232DCE43000B1590 /* ShoppingList.storyboard */,
				C9491E32231F7B2C0031F463 /* ShoppingListViewController.swift */,
				C9491E3823235D880031F463 /* ShoppingListThreadTableViewCell.swift */,
				C9491E3923235D890031F463 /* ShoppingListThreadTableViewCell.xib */,
			);
			path = "Shopping List";
			sourceTree = "<group>";
		};
		C97FCDE7232DFC7E000B1590 /* Projects */ = {
			isa = PBXGroup;
			children = (
				C97FCDDA232DCE6B000B1590 /* Projects.storyboard */,
				C9491E4123248B940031F463 /* ProjectListViewController.swift */,
				C94EB3032326D60600D4CF56 /* ProjectDetailViewController.swift */,
				C94EB2FF2325E6A900D4CF56 /* ProjectCollectionViewCell.swift */,
				C94EB3002325E6A900D4CF56 /* ProjectCollectionViewCell.xib */,
				C97FCDE9232DFD6D000B1590 /* ProjectThreadCollectionViewCell.swift */,
				C97FCDA123296433000B1590 /* EditProjectThreadCollectionViewCell.swift */,
				C97FCDA223296433000B1590 /* EditProjectThreadCollectionViewCell.xib */,
				C97FCDAA232C77E3000B1590 /* ViewProjectThreadCollectionViewCell.swift */,
				C97FCDA9232C7675000B1590 /* ViewProjectThreadCollectionViewCell.xib */,
				C97FCDAD232C8796000B1590 /* Project+UIActivityItemSource.swift */,
			);
			path = Projects;
			sourceTree = "<group>";
		};
		C97FCDE8232DFCB2000B1590 /* Add Thread */ = {
			isa = PBXGroup;
			children = (
				C97FCDDF232DCE86000B1590 /* AddThread.storyboard */,
				C9491E14231DACFA0031F463 /* AddThreadViewController.swift */,
			);
			path = "Add Thread";
			sourceTree = "<group>";
		};
/* End PBXGroup section */

/* Begin PBXNativeTarget section */
		C9491DEF231D897A0031F463 /* Threads */ = {
			isa = PBXNativeTarget;
			buildConfigurationList = C9491E07231D897C0031F463 /* Build configuration list for PBXNativeTarget "Threads" */;
			buildPhases = (
				C9491DEC231D897A0031F463 /* Sources */,
				C9491DED231D897A0031F463 /* Frameworks */,
				C9491DEE231D897A0031F463 /* Resources */,
			);
			buildRules = (
			);
			dependencies = (
			);
			name = Threads;
			productName = Threads;
			productReference = C9491DF0231D897B0031F463 /* Threads.app */;
			productType = "com.apple.product-type.application";
		};
		C9491E1D231DDBB70031F463 /* ThreadsTests */ = {
			isa = PBXNativeTarget;
			buildConfigurationList = C9491E25231DDBB70031F463 /* Build configuration list for PBXNativeTarget "ThreadsTests" */;
			buildPhases = (
				C9491E1A231DDBB70031F463 /* Sources */,
				C9491E1B231DDBB70031F463 /* Frameworks */,
				C9491E1C231DDBB70031F463 /* Resources */,
			);
			buildRules = (
			);
			dependencies = (
				C9491E24231DDBB70031F463 /* PBXTargetDependency */,
			);
			name = ThreadsTests;
			productName = ThreadsTests;
			productReference = C9491E1E231DDBB70031F463 /* ThreadsTests.xctest */;
			productType = "com.apple.product-type.bundle.unit-test";
		};
/* End PBXNativeTarget section */

/* Begin PBXProject section */
		C9491DE8231D897A0031F463 /* Project object */ = {
			isa = PBXProject;
			attributes = {
				LastSwiftUpdateCheck = 1100;
				LastUpgradeCheck = 1100;
				ORGANIZATIONNAME = "Matt Moriarity";
				TargetAttributes = {
					C9491DEF231D897A0031F463 = {
						CreatedOnToolsVersion = 11.0;
					};
					C9491E1D231DDBB70031F463 = {
						CreatedOnToolsVersion = 11.0;
						TestTargetID = C9491DEF231D897A0031F463;
					};
				};
			};
			buildConfigurationList = C9491DEB231D897A0031F463 /* Build configuration list for PBXProject "Threads" */;
			compatibilityVersion = "Xcode 9.3";
			developmentRegion = en;
			hasScannedForEncodings = 0;
			knownRegions = (
				en,
				Base,
			);
			mainGroup = C9491DE7231D897A0031F463;
			productRefGroup = C9491DF1231D897B0031F463 /* Products */;
			projectDirPath = "";
			projectRoot = "";
			targets = (
				C9491DEF231D897A0031F463 /* Threads */,
				C9491E1D231DDBB70031F463 /* ThreadsTests */,
			);
		};
/* End PBXProject section */

/* Begin PBXResourcesBuildPhase section */
		C9491DEE231D897A0031F463 /* Resources */ = {
			isa = PBXResourcesBuildPhase;
			buildActionMask = 2147483647;
			files = (
				C9491E03231D897C0031F463 /* LaunchScreen.storyboard in Resources */,
				C94EB3022325E6A900D4CF56 /* ProjectCollectionViewCell.xib in Resources */,
				C97FCDA423296433000B1590 /* EditProjectThreadCollectionViewCell.xib in Resources */,
				C97FCDB9232D78AA000B1590 /* Localizable.stringsdict in Resources */,
				C97FCDD8232DCE6B000B1590 /* Projects.storyboard in Resources */,
				C97FCDCE232DCE0F000B1590 /* MyThreads.storyboard in Resources */,
				C9491E3C23235E210031F463 /* ShoppingListThreadTableViewCell.xib in Resources */,
				C97FCDAC232C7848000B1590 /* ViewProjectThreadCollectionViewCell.xib in Resources */,
				C97FCDC1232D9FF5000B1590 /* TextViewCollectionViewCell.xib in Resources */,
				C9491E00231D897C0031F463 /* Assets.xcassets in Resources */,
				C9491DFB231D897B0031F463 /* Main.storyboard in Resources */,
				C97FCDDD232DCE86000B1590 /* AddThread.storyboard in Resources */,
				C97FCDD3232DCE43000B1590 /* ShoppingList.storyboard in Resources */,
				C9491E13231DAA5D0031F463 /* AllThreads.json in Resources */,
				C97FCDB4232CAD4E000B1590 /* TextInputCollectionViewCell.xib in Resources */,
				C9491E2D231DE0070031F463 /* CollectionThreadTableViewCell.xib in Resources */,
			);
			runOnlyForDeploymentPostprocessing = 0;
		};
		C9491E1C231DDBB70031F463 /* Resources */ = {
			isa = PBXResourcesBuildPhase;
			buildActionMask = 2147483647;
			files = (
			);
			runOnlyForDeploymentPostprocessing = 0;
		};
/* End PBXResourcesBuildPhase section */

/* Begin PBXSourcesBuildPhase section */
		C9491DEC231D897A0031F463 /* Sources */ = {
			isa = PBXSourcesBuildPhase;
			buildActionMask = 2147483647;
			files = (
				C97FCDA62329A921000B1590 /* SeparatorView.swift in Sources */,
				C97FCDEC232E014D000B1590 /* NSManagedObjectContext.swift in Sources */,
				C9491E17231DC8670031F463 /* TableViewDiffableDataSource.swift in Sources */,
				C9491E2F231E0BE00031F463 /* Thread.swift in Sources */,
				C9491E3E23235FBF0031F463 /* ThreadTableViewCell.swift in Sources */,
				C97FCDA323296433000B1590 /* EditProjectThreadCollectionViewCell.swift in Sources */,
				C97FCDBD232D79E7000B1590 /* Localized.swift in Sources */,
				C9491E0F231D8E5B0031F463 /* MyThreadsViewController.swift in Sources */,
				C97FCDC3232DA92E000B1590 /* NSAttributedString.swift in Sources */,
				C97FCDA8232B4F4A000B1590 /* ProjectThread.swift in Sources */,
				C9491E4023246AC80031F463 /* Partition.swift in Sources */,
				C9491E31231F4C8B0031F463 /* ThreadDetailViewController.swift in Sources */,
				C97FCDB0232C8ED7000B1590 /* UserActivity.swift in Sources */,
				C9491E2C231DE0070031F463 /* CollectionThreadTableViewCell.swift in Sources */,
				C9491E4223248B940031F463 /* ProjectListViewController.swift in Sources */,
				C94EB3012325E6A900D4CF56 /* ProjectCollectionViewCell.swift in Sources */,
				C97FCDEA232DFD6D000B1590 /* ProjectThreadCollectionViewCell.swift in Sources */,
				C9491DF4231D897B0031F463 /* AppDelegate.swift in Sources */,
				C9491E15231DACFB0031F463 /* AddThreadViewController.swift in Sources */,
				C97FCDB3232CAD4E000B1590 /* TextInputCollectionViewCell.swift in Sources */,
				C94EB3042326D60600D4CF56 /* ProjectDetailViewController.swift in Sources */,
				C9491E372320C67A0031F463 /* SwatchView.swift in Sources */,
				C97FCDE3232DD3D2000B1590 /* ThreadPreviewViewController.swift in Sources */,
				C97FCDEE232E941D000B1590 /* Cells.swift in Sources */,
				C97FCDAE232C8796000B1590 /* Project+UIActivityItemSource.swift in Sources */,
				C9491DF6231D897B0031F463 /* SceneDelegate.swift in Sources */,
				C9491E3A23235D890031F463 /* ShoppingListThreadTableViewCell.swift in Sources */,
				C9491E33231F7B2C0031F463 /* ShoppingListViewController.swift in Sources */,
				C9491E19231DD7D00031F463 /* Color.swift in Sources */,
				C9491DFE231D897B0031F463 /* Threads.xcdatamodeld in Sources */,
				C9491E11231DA9A20031F463 /* DMCThread.swift in Sources */,
				C97FCDAB232C77E3000B1590 /* ViewProjectThreadCollectionViewCell.swift in Sources */,
				C9491E44232491D90031F463 /* Project.swift in Sources */,
				C97FCDBF232D9FD0000B1590 /* TextViewCollectionViewCell.swift in Sources */,
			);
			runOnlyForDeploymentPostprocessing = 0;
		};
		C9491E1A231DDBB70031F463 /* Sources */ = {
			isa = PBXSourcesBuildPhase;
			buildActionMask = 2147483647;
			files = (
				C9491E29231DDBC60031F463 /* ColorTests.swift in Sources */,
			);
			runOnlyForDeploymentPostprocessing = 0;
		};
/* End PBXSourcesBuildPhase section */

/* Begin PBXTargetDependency section */
		C9491E24231DDBB70031F463 /* PBXTargetDependency */ = {
			isa = PBXTargetDependency;
			target = C9491DEF231D897A0031F463 /* Threads */;
			targetProxy = C9491E23231DDBB70031F463 /* PBXContainerItemProxy */;
		};
/* End PBXTargetDependency section */

/* Begin PBXVariantGroup section */
		C9491DF9231D897B0031F463 /* Main.storyboard */ = {
			isa = PBXVariantGroup;
			children = (
				C9491DFA231D897B0031F463 /* Base */,
				C97FCDCD232DCDF2000B1590 /* en */,
			);
			name = Main.storyboard;
			sourceTree = "<group>";
		};
		C9491E01231D897C0031F463 /* LaunchScreen.storyboard */ = {
			isa = PBXVariantGroup;
			children = (
				C9491E02231D897C0031F463 /* Base */,
			);
			name = LaunchScreen.storyboard;
			sourceTree = "<group>";
		};
		C97FCDBB232D78AA000B1590 /* Localizable.stringsdict */ = {
			isa = PBXVariantGroup;
			children = (
				C97FCDBA232D78AA000B1590 /* en */,
			);
			name = Localizable.stringsdict;
			sourceTree = "<group>";
		};
		C97FCDD0232DCE0F000B1590 /* MyThreads.storyboard */ = {
			isa = PBXVariantGroup;
			children = (
				C97FCDCF232DCE0F000B1590 /* Base */,
				C97FCDD2232DCE18000B1590 /* en */,
			);
			name = MyThreads.storyboard;
			sourceTree = "<group>";
		};
		C97FCDD5232DCE43000B1590 /* ShoppingList.storyboard */ = {
			isa = PBXVariantGroup;
			children = (
				C97FCDD4232DCE43000B1590 /* Base */,
				C97FCDD7232DCE47000B1590 /* en */,
			);
			name = ShoppingList.storyboard;
			sourceTree = "<group>";
		};
		C97FCDDA232DCE6B000B1590 /* Projects.storyboard */ = {
			isa = PBXVariantGroup;
			children = (
				C97FCDD9232DCE6B000B1590 /* Base */,
				C97FCDDC232DCE6E000B1590 /* en */,
			);
			name = Projects.storyboard;
			sourceTree = "<group>";
		};
		C97FCDDF232DCE86000B1590 /* AddThread.storyboard */ = {
			isa = PBXVariantGroup;
			children = (
				C97FCDDE232DCE86000B1590 /* Base */,
				C97FCDE1232DCE8A000B1590 /* en */,
			);
			name = AddThread.storyboard;
			sourceTree = "<group>";
		};
/* End PBXVariantGroup section */

/* Begin XCBuildConfiguration section */
		C9491E05231D897C0031F463 /* Debug */ = {
			isa = XCBuildConfiguration;
			buildSettings = {
				ALWAYS_SEARCH_USER_PATHS = NO;
				CLANG_ANALYZER_LOCALIZABILITY_NONLOCALIZED = YES;
				CLANG_ANALYZER_NONNULL = YES;
				CLANG_ANALYZER_NUMBER_OBJECT_CONVERSION = YES_AGGRESSIVE;
				CLANG_CXX_LANGUAGE_STANDARD = "gnu++14";
				CLANG_CXX_LIBRARY = "libc++";
				CLANG_ENABLE_MODULES = YES;
				CLANG_ENABLE_OBJC_ARC = YES;
				CLANG_ENABLE_OBJC_WEAK = YES;
				CLANG_WARN_BLOCK_CAPTURE_AUTORELEASING = YES;
				CLANG_WARN_BOOL_CONVERSION = YES;
				CLANG_WARN_COMMA = YES;
				CLANG_WARN_CONSTANT_CONVERSION = YES;
				CLANG_WARN_DEPRECATED_OBJC_IMPLEMENTATIONS = YES;
				CLANG_WARN_DIRECT_OBJC_ISA_USAGE = YES_ERROR;
				CLANG_WARN_DOCUMENTATION_COMMENTS = YES;
				CLANG_WARN_EMPTY_BODY = YES;
				CLANG_WARN_ENUM_CONVERSION = YES;
				CLANG_WARN_INFINITE_RECURSION = YES;
				CLANG_WARN_INT_CONVERSION = YES;
				CLANG_WARN_NON_LITERAL_NULL_CONVERSION = YES;
				CLANG_WARN_OBJC_IMPLICIT_RETAIN_SELF = YES;
				CLANG_WARN_OBJC_LITERAL_CONVERSION = YES;
				CLANG_WARN_OBJC_ROOT_CLASS = YES_ERROR;
				CLANG_WARN_RANGE_LOOP_ANALYSIS = YES;
				CLANG_WARN_STRICT_PROTOTYPES = YES;
				CLANG_WARN_SUSPICIOUS_MOVE = YES;
				CLANG_WARN_UNGUARDED_AVAILABILITY = YES_AGGRESSIVE;
				CLANG_WARN_UNREACHABLE_CODE = YES;
				CLANG_WARN__DUPLICATE_METHOD_MATCH = YES;
				COPY_PHASE_STRIP = NO;
				DEBUG_INFORMATION_FORMAT = dwarf;
				ENABLE_STRICT_OBJC_MSGSEND = YES;
				ENABLE_TESTABILITY = YES;
				GCC_C_LANGUAGE_STANDARD = gnu11;
				GCC_DYNAMIC_NO_PIC = NO;
				GCC_NO_COMMON_BLOCKS = YES;
				GCC_OPTIMIZATION_LEVEL = 0;
				GCC_PREPROCESSOR_DEFINITIONS = (
					"DEBUG=1",
					"$(inherited)",
				);
				GCC_WARN_64_TO_32_BIT_CONVERSION = YES;
				GCC_WARN_ABOUT_RETURN_TYPE = YES_ERROR;
				GCC_WARN_UNDECLARED_SELECTOR = YES;
				GCC_WARN_UNINITIALIZED_AUTOS = YES_AGGRESSIVE;
				GCC_WARN_UNUSED_FUNCTION = YES;
				GCC_WARN_UNUSED_VARIABLE = YES;
				IPHONEOS_DEPLOYMENT_TARGET = 13.0;
				MTL_ENABLE_DEBUG_INFO = INCLUDE_SOURCE;
				MTL_FAST_MATH = YES;
				ONLY_ACTIVE_ARCH = YES;
				SDKROOT = iphoneos;
				SWIFT_ACTIVE_COMPILATION_CONDITIONS = DEBUG;
				SWIFT_OPTIMIZATION_LEVEL = "-Onone";
			};
			name = Debug;
		};
		C9491E06231D897C0031F463 /* Release */ = {
			isa = XCBuildConfiguration;
			buildSettings = {
				ALWAYS_SEARCH_USER_PATHS = NO;
				CLANG_ANALYZER_LOCALIZABILITY_NONLOCALIZED = YES;
				CLANG_ANALYZER_NONNULL = YES;
				CLANG_ANALYZER_NUMBER_OBJECT_CONVERSION = YES_AGGRESSIVE;
				CLANG_CXX_LANGUAGE_STANDARD = "gnu++14";
				CLANG_CXX_LIBRARY = "libc++";
				CLANG_ENABLE_MODULES = YES;
				CLANG_ENABLE_OBJC_ARC = YES;
				CLANG_ENABLE_OBJC_WEAK = YES;
				CLANG_WARN_BLOCK_CAPTURE_AUTORELEASING = YES;
				CLANG_WARN_BOOL_CONVERSION = YES;
				CLANG_WARN_COMMA = YES;
				CLANG_WARN_CONSTANT_CONVERSION = YES;
				CLANG_WARN_DEPRECATED_OBJC_IMPLEMENTATIONS = YES;
				CLANG_WARN_DIRECT_OBJC_ISA_USAGE = YES_ERROR;
				CLANG_WARN_DOCUMENTATION_COMMENTS = YES;
				CLANG_WARN_EMPTY_BODY = YES;
				CLANG_WARN_ENUM_CONVERSION = YES;
				CLANG_WARN_INFINITE_RECURSION = YES;
				CLANG_WARN_INT_CONVERSION = YES;
				CLANG_WARN_NON_LITERAL_NULL_CONVERSION = YES;
				CLANG_WARN_OBJC_IMPLICIT_RETAIN_SELF = YES;
				CLANG_WARN_OBJC_LITERAL_CONVERSION = YES;
				CLANG_WARN_OBJC_ROOT_CLASS = YES_ERROR;
				CLANG_WARN_RANGE_LOOP_ANALYSIS = YES;
				CLANG_WARN_STRICT_PROTOTYPES = YES;
				CLANG_WARN_SUSPICIOUS_MOVE = YES;
				CLANG_WARN_UNGUARDED_AVAILABILITY = YES_AGGRESSIVE;
				CLANG_WARN_UNREACHABLE_CODE = YES;
				CLANG_WARN__DUPLICATE_METHOD_MATCH = YES;
				COPY_PHASE_STRIP = NO;
				DEBUG_INFORMATION_FORMAT = "dwarf-with-dsym";
				ENABLE_NS_ASSERTIONS = NO;
				ENABLE_STRICT_OBJC_MSGSEND = YES;
				GCC_C_LANGUAGE_STANDARD = gnu11;
				GCC_NO_COMMON_BLOCKS = YES;
				GCC_WARN_64_TO_32_BIT_CONVERSION = YES;
				GCC_WARN_ABOUT_RETURN_TYPE = YES_ERROR;
				GCC_WARN_UNDECLARED_SELECTOR = YES;
				GCC_WARN_UNINITIALIZED_AUTOS = YES_AGGRESSIVE;
				GCC_WARN_UNUSED_FUNCTION = YES;
				GCC_WARN_UNUSED_VARIABLE = YES;
				IPHONEOS_DEPLOYMENT_TARGET = 13.0;
				MTL_ENABLE_DEBUG_INFO = NO;
				MTL_FAST_MATH = YES;
				SDKROOT = iphoneos;
				SWIFT_COMPILATION_MODE = wholemodule;
				SWIFT_OPTIMIZATION_LEVEL = "-O";
				VALIDATE_PRODUCT = YES;
			};
			name = Release;
		};
		C9491E08231D897C0031F463 /* Debug */ = {
			isa = XCBuildConfiguration;
			buildSettings = {
				ASSETCATALOG_COMPILER_APPICON_NAME = AppIcon;
				CODE_SIGN_ENTITLEMENTS = Threads/Threads.entitlements;
				CODE_SIGN_STYLE = Automatic;
				DEVELOPMENT_TEAM = PE8BN56Z28;
				INFOPLIST_FILE = Threads/Info.plist;
				LD_RUNPATH_SEARCH_PATHS = (
					"$(inherited)",
					"@executable_path/Frameworks",
				);
				PRODUCT_BUNDLE_IDENTIFIER = com.mattmoriarity.Threads;
				PRODUCT_NAME = "$(TARGET_NAME)";
				SWIFT_VERSION = 5.0;
				TARGETED_DEVICE_FAMILY = "1,2";
			};
			name = Debug;
		};
		C9491E09231D897C0031F463 /* Release */ = {
			isa = XCBuildConfiguration;
			buildSettings = {
				ASSETCATALOG_COMPILER_APPICON_NAME = AppIcon;
				CODE_SIGN_ENTITLEMENTS = Threads/Threads.entitlements;
				CODE_SIGN_STYLE = Automatic;
				DEVELOPMENT_TEAM = PE8BN56Z28;
				INFOPLIST_FILE = Threads/Info.plist;
				LD_RUNPATH_SEARCH_PATHS = (
					"$(inherited)",
					"@executable_path/Frameworks",
				);
				PRODUCT_BUNDLE_IDENTIFIER = com.mattmoriarity.Threads;
				PRODUCT_NAME = "$(TARGET_NAME)";
				SWIFT_VERSION = 5.0;
				TARGETED_DEVICE_FAMILY = "1,2";
			};
			name = Release;
		};
		C9491E26231DDBB70031F463 /* Debug */ = {
			isa = XCBuildConfiguration;
			buildSettings = {
				BUNDLE_LOADER = "$(TEST_HOST)";
				CODE_SIGN_STYLE = Automatic;
				DEVELOPMENT_TEAM = PE8BN56Z28;
				INFOPLIST_FILE = ThreadsTests/Info.plist;
				LD_RUNPATH_SEARCH_PATHS = (
					"$(inherited)",
					"@executable_path/Frameworks",
					"@loader_path/Frameworks",
				);
				PRODUCT_BUNDLE_IDENTIFIER = com.mattmoriarity.ThreadsTests;
				PRODUCT_NAME = "$(TARGET_NAME)";
				SWIFT_VERSION = 5.0;
				TARGETED_DEVICE_FAMILY = "1,2";
				TEST_HOST = "$(BUILT_PRODUCTS_DIR)/Threads.app/Threads";
			};
			name = Debug;
		};
		C9491E27231DDBB70031F463 /* Release */ = {
			isa = XCBuildConfiguration;
			buildSettings = {
				BUNDLE_LOADER = "$(TEST_HOST)";
				CODE_SIGN_STYLE = Automatic;
				DEVELOPMENT_TEAM = PE8BN56Z28;
				INFOPLIST_FILE = ThreadsTests/Info.plist;
				LD_RUNPATH_SEARCH_PATHS = (
					"$(inherited)",
					"@executable_path/Frameworks",
					"@loader_path/Frameworks",
				);
				PRODUCT_BUNDLE_IDENTIFIER = com.mattmoriarity.ThreadsTests;
				PRODUCT_NAME = "$(TARGET_NAME)";
				SWIFT_VERSION = 5.0;
				TARGETED_DEVICE_FAMILY = "1,2";
				TEST_HOST = "$(BUILT_PRODUCTS_DIR)/Threads.app/Threads";
			};
			name = Release;
		};
/* End XCBuildConfiguration section */

/* Begin XCConfigurationList section */
		C9491DEB231D897A0031F463 /* Build configuration list for PBXProject "Threads" */ = {
			isa = XCConfigurationList;
			buildConfigurations = (
				C9491E05231D897C0031F463 /* Debug */,
				C9491E06231D897C0031F463 /* Release */,
			);
			defaultConfigurationIsVisible = 0;
			defaultConfigurationName = Release;
		};
		C9491E07231D897C0031F463 /* Build configuration list for PBXNativeTarget "Threads" */ = {
			isa = XCConfigurationList;
			buildConfigurations = (
				C9491E08231D897C0031F463 /* Debug */,
				C9491E09231D897C0031F463 /* Release */,
			);
			defaultConfigurationIsVisible = 0;
			defaultConfigurationName = Release;
		};
		C9491E25231DDBB70031F463 /* Build configuration list for PBXNativeTarget "ThreadsTests" */ = {
			isa = XCConfigurationList;
			buildConfigurations = (
				C9491E26231DDBB70031F463 /* Debug */,
				C9491E27231DDBB70031F463 /* Release */,
			);
			defaultConfigurationIsVisible = 0;
			defaultConfigurationName = Release;
		};
/* End XCConfigurationList section */

/* Begin XCVersionGroup section */
		C9491DFC231D897B0031F463 /* Threads.xcdatamodeld */ = {
			isa = XCVersionGroup;
			children = (
				C9491DFD231D897B0031F463 /* Threads.xcdatamodel */,
			);
			currentVersion = C9491DFD231D897B0031F463 /* Threads.xcdatamodel */;
			path = Threads.xcdatamodeld;
			sourceTree = "<group>";
			versionGroupType = wrapper.xcdatamodel;
		};
/* End XCVersionGroup section */
	};
	rootObject = C9491DE8231D897A0031F463 /* Project object */;
}
