{
  "object": {
    "pins": [
      {
        "package": "Events",
        "repositoryURL": "https://github.com/mjm/Events.git",
        "state": {
          "branch": "master",
          "revision": "80acb4eed57bb381fe9bcb9076a2f5d8182513af",
          "version": null
        }
      },
      {
        "package": "LogfmtEncoder",
        "repositoryURL": "https://github.com/mjm/LogfmtEncoder",
        "state": {
          "branch": "master",
          "revision": "ca4f9cff09b85295966012eec60aa38f7124eccb",
          "version": null
        }
      }
    ]
  },
  "version": 1
}
