{
  "object": {
    "pins": [
      {
        "package": "Combinable",
        "repositoryURL": "https://github.com/mjm/Combinable.git",
        "state": {
          "branch": "master",
          "revision": "4f3a723782551c7fdbd8547bca6a1335c98ff4da",
          "version": null
        }
      },
      {
        "package": "Events",
        "repositoryURL": "https://github.com/mjm/Events.git",
        "state": {
          "branch": "master",
          "revision": "9811e5406c7e948ded073862bcd842ea1d7b5de2",
          "version": null
        }
      },
      {
        "package": "LogfmtEncoder",
        "repositoryURL": "https://github.com/mjm/LogfmtEncoder",
        "state": {
          "branch": "master",
          "revision": "f72d2b3732cabf9acb898e7738f2cb903f914172",
          "version": null
        }
      },
      {
        "package": "UserActions",
        "repositoryURL": "https://github.com/mjm/UserActions.git",
        "state": {
          "branch": "master",
          "revision": "8f802b5de38ffbfa532bb56fe395cbc855f0892e",
          "version": null
        }
      }
    ]
  },
  "version": 1
}
